schema: '2.0'
stages:
  collect_data:
    cmd: python scripts/collect_data.py
    deps:
    - path: scripts/collect_data.py
      hash: md5
      md5: 3956826ba4ce97b122c8a372f3b10904
      size: 3000
    outs:
    - path: data/raw/raw_data.csv
      hash: md5
      md5: 122ea04d81ff1c6386d9268d47424e7a
      size: 102
  preprocess_data:
    cmd: python scripts/preprocess_data.py
    deps:
    - path: data/raw/raw_data.csv
      hash: md5
      md5: 122ea04d81ff1c6386d9268d47424e7a
      size: 102
    - path: scripts/preprocess_data.py
      hash: md5
      md5: 2daff1b243d22299edbbff5abe695541
      size: 1384
    outs:
    - path: data/processed/processed_data.csv
      hash: md5
      md5: 74805beacbd8967961bcced263e9cd68
      size: 100
  train_model:
    cmd: python scripts/train_model.py
    deps:
    - path: data/processed/processed_data.csv
      hash: md5
      md5: 74805beacbd8967961bcced263e9cd68
      size: 100
    - path: scripts/train_model.py
      hash: md5
      md5: 58b317aefc492195719c658c7f8109a0
      size: 1267
    outs:
    - path: models/model.pkl
      hash: md5
      md5: 428ce057857d77f137c6c692f3ec3b98
      size: 591
